# This file is automatically @generated by Cargo.
# It is not intended for manual editing.
version = 4

[[package]]
name = "convert_case"
version = "0.4.0"
source = "registry+https://github.com/rust-lang/crates.io-index"
checksum = "6245d59a3e82a7fc217c5828a6692dbc6dfb63a0c8c90495621f7b9d79704a0e"

[[package]]
name = "equivalent"
version = "1.0.2"
source = "registry+https://github.com/rust-lang/crates.io-index"
checksum = "877a4ace8713b0bcf2a4e7eec82529c029f1d0619886d18145fea96c3ffe5c0f"

[[package]]
name = "hashbrown"
version = "0.17.1"
source = "registry+https://github.com/rust-lang/crates.io-index"
checksum = "ed5909b6e89a2db4456e54cd5f673791d7eca6732202bbf2a9cc504fe2f9b84a"

[[package]]
name = "indexmap"
version = "2.14.0"
source = "registry+https://github.com/rust-lang/crates.io-index"
checksum = "d466e9454f08e4a911e14806c24e16fba1b4c121d1ea474396f396069cf949d9"
dependencies = [
 "equivalent",
 "hashbrown",
]

[[package]]
name = "proc-macro2"
version = "1.0.106"
source = "registry+https://github.com/rust-lang/crates.io-index"
checksum = "8fd00f0bb2e90d81d1044c2b32617f68fcb9fa3bb7640c23e9c748e53fb30934"
dependencies = [
 "unicode-ident",
]

[[package]]
name = "quote"
version = "1.0.45"
source = "registry+https://github.com/rust-lang/crates.io-index"
checksum = "41f2619966050689382d2b44f664f4bc593e129785a36d6ee376ddf37259b924"
dependencies = [
 "proc-macro2",
]

[[package]]
name = "syn"
version = "2.0.117"
source = "registry+https://github.com/rust-lang/crates.io-index"
checksum = "e665b8803e7b1d2a727f4023456bbbbe74da67099c585258af0ad9c5013b9b99"
dependencies = [
 "proc-macro2",
 "quote",
 "unicode-ident",
]

[[package]]
name = "synstructure"
version = "0.13.2"
source = "registry+https://github.com/rust-lang/crates.io-index"
checksum = "728a70f3dbaf5bab7f0c4b1ac8d7ae5ea60a4b5549c8a5914361c99147a709d2"
dependencies = [
 "proc-macro2",
 "quote",
 "syn",
]

[[package]]
name = "true-tales"
version = "0.1.0"
dependencies = [
 "vstd",
]

[[package]]
name = "unicode-ident"
version = "1.0.24"
source = "registry+https://github.com/rust-lang/crates.io-index"
checksum = "e6e4313cd5fcd3dad5cafa179702e2b244f760991f45397d14d4ebf38247da75"

[[package]]
name = "verus_builtin"
version = "0.0.0-2026-08-02-0125"
source = "registry+https://github.com/rust-lang/crates.io-index"
checksum = "c27a0e580576f364e98925a61618089591e5bdea6e1ccf048b1d56ab3dfada70"

[[package]]
name = "verus_builtin_macros"
version = "0.0.0-2026-08-02-0125"
source = "registry+https://github.com/rust-lang/crates.io-index"
checksum = "eabf0883a6e62f1db1538f96607e500dd396ada513329c3f486a14de5611d55b"
dependencies = [
 "convert_case",
 "proc-macro2",
 "quote",
 "syn",
 "synstructure",
 "verus_prettyplease",
 "verus_syn",
]

[[package]]
name = "verus_prettyplease"
version = "0.0.0-2026-08-02-0125"
source = "registry+https://github.com/rust-lang/crates.io-index"
checksum = "d88628e583fb019eac36690ca2500b158f0221df6be2bae1e7c2a35dd6536bfc"
dependencies = [
 "proc-macro2",
 "verus_syn",
]

[[package]]
name = "verus_state_machines_macros"
version = "0.0.0-2026-08-02-0125"
source = "registry+https://github.com/rust-lang/crates.io-index"
checksum = "93f77ff8d121edb1bf2651335769a80a2f611da8573c3b498434a66b3162805f"
dependencies = [
 "indexmap",
 "proc-macro2",
 "quote",
 "verus_syn",
]

[[package]]
name = "verus_syn"
version = "0.0.0-2026-08-02-0125"
source = "registry+https://github.com/rust-lang/crates.io-index"
checksum = "f17237ea6d267e457d53ce36f55b315fc9edd26eb88c765dd95e035c0b415869"
dependencies = [
 "proc-macro2",
 "quote",
 "unicode-ident",
]

[[package]]
name = "vstd"
version = "0.0.0-2026-08-02-0125"
source = "registry+https://github.com/rust-lang/crates.io-index"
checksum = "25040241d96eb88dfc6a75c289dc0ef84845ffff051d8e595cc55908d5c06a45"
dependencies = [
 "verus_builtin",
 "verus_builtin_macros",
 "verus_state_machines_macros",
]
